
Microsoft Visual Studio Solution File, Format Version 12.00
# Visual Studio Version 17
VisualStudioVersion = 17.3.32901.215
MinimumVisualStudioVersion = 10.0.40219.1
Project("{9A19103F-16F7-4668-BE54-9A1E7A4F7556}") = "CSAPlatform", "CSAPlatform\CSAPlatform.csproj", "{9DA22D1A-8BA0-48AE-AC16-48691AE773B0}"
EndProject
Project("{9A19103F-16F7-4668-BE54-9A1E7A4F7556}") = "DatabaseAccess", "DatabaseAccess\DatabaseAccess.csproj", "{813C424E-E544-4B4D-A50F-9DDC2B3C3D02}"
EndProject
Global
	GlobalSection(SolutionConfigurationPlatforms) = preSolution
		Debug|Any CPU = Debug|Any CPU
		Release|Any CPU = Release|Any CPU
	EndGlobalSection
	GlobalSection(ProjectConfigurationPlatforms) = postSolution
		{9DA22D1A-8BA0-48AE-AC16-48691AE773B0}.Debug|Any CPU.ActiveCfg = Debug|Any CPU
		{9DA22D1A-8BA0-48AE-AC16-48691AE773B0}.Debug|Any CPU.Build.0 = Debug|Any CPU
		{9DA22D1A-8BA0-48AE-AC16-48691AE773B0}.Release|Any CPU.ActiveCfg = Release|Any CPU
		{9DA22D1A-8BA0-48AE-AC16-48691AE773B0}.Release|Any CPU.Build.0 = Release|Any CPU
		{813C424E-E544-4B4D-A50F-9DDC2B3C3D02}.Debug|Any CPU.ActiveCfg = Debug|Any CPU
		{813C424E-E544-4B4D-A50F-9DDC2B3C3D02}.Debug|Any CPU.Build.0 = Debug|Any CPU
		{813C424E-E544-4B4D-A50F-9DDC2B3C3D02}.Release|Any CPU.ActiveCfg = Release|Any CPU
		{813C424E-E544-4B4D-A50F-9DDC2B3C3D02}.Release|Any CPU.Build.0 = Release|Any CPU
	EndGlobalSection
	GlobalSection(SolutionProperties) = preSolution
		HideSolutionNode = FALSE
	EndGlobalSection
	GlobalSection(ExtensibilityGlobals) = postSolution
		SolutionGuid = {889BCD6E-1307-480C-96EC-FC6F28E73A74}
	EndGlobalSection
EndGlobal
